// !$*UTF8*$!
{
	archiveVersion = 1;
	classes = {
	};
	objectVersion = 55;
	objects = {

/* Begin PBXBuildFile section */
		B54B420A281EAFC200FC7B2F /* ImageViewerViewController.swift in Sources */ = {isa = PBXBuildFile; fileRef = B54B4209281EAFC200FC7B2F /* ImageViewerViewController.swift */; };
		B54B420E281FC96000FC7B2F /* TSLabel.swift in Sources */ = {isa = PBXBuildFile; fileRef = B54B420D281FC96000FC7B2F /* TSLabel.swift */; };
		B54B4211281FEA0900FC7B2F /* ImageCollectionViewCellViewModel.swift in Sources */ = {isa = PBXBuildFile; fileRef = B54B4210281FEA0900FC7B2F /* ImageCollectionViewCellViewModel.swift */; };
		B54B421328200AE000FC7B2F /* FavouritesViewController.swift in Sources */ = {isa = PBXBuildFile; fileRef = B54B421228200AE000FC7B2F /* FavouritesViewController.swift */; };
		B54B421528200BAB00FC7B2F /* FavouritesViewModel.swift in Sources */ = {isa = PBXBuildFile; fileRef = B54B421428200BAB00FC7B2F /* FavouritesViewModel.swift */; };
		B54B421728200F8500FC7B2F /* FavouriteStorage.swift in Sources */ = {isa = PBXBuildFile; fileRef = B54B421628200F8500FC7B2F /* FavouriteStorage.swift */; };
		B54B421A28202AEB00FC7B2F /* ImageButtons.swift in Sources */ = {isa = PBXBuildFile; fileRef = B54B421928202AEB00FC7B2F /* ImageButtons.swift */; };
		B54B421C28202EBD00FC7B2F /* ImageButtonsViewModel.swift in Sources */ = {isa = PBXBuildFile; fileRef = B54B421B28202EBD00FC7B2F /* ImageButtonsViewModel.swift */; };
		B5A8944E281880C80097BAE6 /* AppDelegate.swift in Sources */ = {isa = PBXBuildFile; fileRef = B5A8944D281880C80097BAE6 /* AppDelegate.swift */; };
		B5A89450281880C80097BAE6 /* SceneDelegate.swift in Sources */ = {isa = PBXBuildFile; fileRef = B5A8944F281880C80097BAE6 /* SceneDelegate.swift */; };
		B5A89457281880C90097BAE6 /* Assets.xcassets in Resources */ = {isa = PBXBuildFile; fileRef = B5A89456281880C90097BAE6 /* Assets.xcassets */; };
		B5A8945A281880C90097BAE6 /* LaunchScreen.storyboard in Resources */ = {isa = PBXBuildFile; fileRef = B5A89458281880C90097BAE6 /* LaunchScreen.storyboard */; };
		B5A89462281880E40097BAE6 /* NetworkService.swift in Sources */ = {isa = PBXBuildFile; fileRef = B5A89461281880E40097BAE6 /* NetworkService.swift */; };
		B5A894652818815E0097BAE6 /* SearchService.swift in Sources */ = {isa = PBXBuildFile; fileRef = B5A894642818815E0097BAE6 /* SearchService.swift */; };
		B5A894682818819C0097BAE6 /* SearchResult.swift in Sources */ = {isa = PBXBuildFile; fileRef = B5A894672818819C0097BAE6 /* SearchResult.swift */; };
		B5A8946B281883E80097BAE6 /* SearchViewController.swift in Sources */ = {isa = PBXBuildFile; fileRef = B5A8946A281883E80097BAE6 /* SearchViewController.swift */; };
		B5A8946D281883F40097BAE6 /* SearchViewModel.swift in Sources */ = {isa = PBXBuildFile; fileRef = B5A8946C281883F40097BAE6 /* SearchViewModel.swift */; };
		B5A8946F2818965E0097BAE6 /* ImageCollectionViewCell.swift in Sources */ = {isa = PBXBuildFile; fileRef = B5A8946E2818965E0097BAE6 /* ImageCollectionViewCell.swift */; };
		B5A894712818976E0097BAE6 /* FetchImage.swift in Sources */ = {isa = PBXBuildFile; fileRef = B5A894702818976E0097BAE6 /* FetchImage.swift */; };
		B5DB4319281E83AE00630773 /* ImageItem.swift in Sources */ = {isa = PBXBuildFile; fileRef = B5DB4318281E83AE00630773 /* ImageItem.swift */; };
		B5DB431C281E8BEB00630773 /* NSCollectionLayoutDimension+Extensions.swift in Sources */ = {isa = PBXBuildFile; fileRef = B5DB431B281E8BEA00630773 /* NSCollectionLayoutDimension+Extensions.swift */; };
		B5DB431F281EA95000630773 /* KRProgressHUD in Frameworks */ = {isa = PBXBuildFile; productRef = B5DB431E281EA95000630773 /* KRProgressHUD */; };
/* End PBXBuildFile section */

/* Begin PBXFileReference section */
		B54B4209281EAFC200FC7B2F /* ImageViewerViewController.swift */ = {isa = PBXFileReference; lastKnownFileType = sourcecode.swift; path = ImageViewerViewController.swift; sourceTree = "<group>"; };
		B54B420D281FC96000FC7B2F /* TSLabel.swift */ = {isa = PBXFileReference; lastKnownFileType = sourcecode.swift; path = TSLabel.swift; sourceTree = "<group>"; };
		B54B4210281FEA0900FC7B2F /* ImageCollectionViewCellViewModel.swift */ = {isa = PBXFileReference; lastKnownFileType = sourcecode.swift; path = ImageCollectionViewCellViewModel.swift; sourceTree = "<group>"; };
		B54B421228200AE000FC7B2F /* FavouritesViewController.swift */ = {isa = PBXFileReference; lastKnownFileType = sourcecode.swift; path = FavouritesViewController.swift; sourceTree = "<group>"; };
		B54B421428200BAB00FC7B2F /* FavouritesViewModel.swift */ = {isa = PBXFileReference; lastKnownFileType = sourcecode.swift; path = FavouritesViewModel.swift; sourceTree = "<group>"; };
		B54B421628200F8500FC7B2F /* FavouriteStorage.swift */ = {isa = PBXFileReference; lastKnownFileType = sourcecode.swift; path = FavouriteStorage.swift; sourceTree = "<group>"; };
		B54B421928202AEB00FC7B2F /* ImageButtons.swift */ = {isa = PBXFileReference; lastKnownFileType = sourcecode.swift; path = ImageButtons.swift; sourceTree = "<group>"; };
		B54B421B28202EBD00FC7B2F /* ImageButtonsViewModel.swift */ = {isa = PBXFileReference; lastKnownFileType = sourcecode.swift; path = ImageButtonsViewModel.swift; sourceTree = "<group>"; };
		B5A8944A281880C80097BAE6 /* Telescope.app */ = {isa = PBXFileReference; explicitFileType = wrapper.application; includeInIndex = 0; path = Telescope.app; sourceTree = BUILT_PRODUCTS_DIR; };
		B5A8944D281880C80097BAE6 /* AppDelegate.swift */ = {isa = PBXFileReference; lastKnownFileType = sourcecode.swift; path = AppDelegate.swift; sourceTree = "<group>"; };
		B5A8944F281880C80097BAE6 /* SceneDelegate.swift */ = {isa = PBXFileReference; lastKnownFileType = sourcecode.swift; path = SceneDelegate.swift; sourceTree = "<group>"; };
		B5A89456281880C90097BAE6 /* Assets.xcassets */ = {isa = PBXFileReference; lastKnownFileType = folder.assetcatalog; path = Assets.xcassets; sourceTree = "<group>"; };
		B5A89459281880C90097BAE6 /* Base */ = {isa = PBXFileReference; lastKnownFileType = file.storyboard; name = Base; path = Base.lproj/LaunchScreen.storyboard; sourceTree = "<group>"; };
		B5A8945B281880C90097BAE6 /* Info.plist */ = {isa = PBXFileReference; lastKnownFileType = text.plist.xml; path = Info.plist; sourceTree = "<group>"; };
		B5A89461281880E40097BAE6 /* NetworkService.swift */ = {isa = PBXFileReference; fileEncoding = 4; lastKnownFileType = sourcecode.swift; path = NetworkService.swift; sourceTree = "<group>"; };
		B5A894642818815E0097BAE6 /* SearchService.swift */ = {isa = PBXFileReference; lastKnownFileType = sourcecode.swift; path = SearchService.swift; sourceTree = "<group>"; };
		B5A894672818819C0097BAE6 /* SearchResult.swift */ = {isa = PBXFileReference; lastKnownFileType = sourcecode.swift; path = SearchResult.swift; sourceTree = "<group>"; };
		B5A8946A281883E80097BAE6 /* SearchViewController.swift */ = {isa = PBXFileReference; lastKnownFileType = sourcecode.swift; path = SearchViewController.swift; sourceTree = "<group>"; };
		B5A8946C281883F40097BAE6 /* SearchViewModel.swift */ = {isa = PBXFileReference; lastKnownFileType = sourcecode.swift; path = SearchViewModel.swift; sourceTree = "<group>"; };
		B5A8946E2818965E0097BAE6 /* ImageCollectionViewCell.swift */ = {isa = PBXFileReference; lastKnownFileType = sourcecode.swift; path = ImageCollectionViewCell.swift; sourceTree = "<group>"; };
		B5A894702818976E0097BAE6 /* FetchImage.swift */ = {isa = PBXFileReference; lastKnownFileType = sourcecode.swift; path = FetchImage.swift; sourceTree = "<group>"; };
		B5DB4318281E83AE00630773 /* ImageItem.swift */ = {isa = PBXFileReference; lastKnownFileType = sourcecode.swift; path = ImageItem.swift; sourceTree = "<group>"; };
		B5DB431B281E8BEA00630773 /* NSCollectionLayoutDimension+Extensions.swift */ = {isa = PBXFileReference; lastKnownFileType = sourcecode.swift; path = "NSCollectionLayoutDimension+Extensions.swift"; sourceTree = "<group>"; };
/* End PBXFileReference section */

/* Begin PBXFrameworksBuildPhase section */
		B5A89447281880C80097BAE6 /* Frameworks */ = {
			isa = PBXFrameworksBuildPhase;
			buildActionMask = 2147483647;
			files = (
				B5DB431F281EA95000630773 /* KRProgressHUD in Frameworks */,
			);
			runOnlyForDeploymentPostprocessing = 0;
		};
/* End PBXFrameworksBuildPhase section */

/* Begin PBXGroup section */
		B54B420F281FE74600FC7B2F /* View Models */ = {
			isa = PBXGroup;
			children = (
				B5A8946C281883F40097BAE6 /* SearchViewModel.swift */,
				B54B421428200BAB00FC7B2F /* FavouritesViewModel.swift */,
				B54B4210281FEA0900FC7B2F /* ImageCollectionViewCellViewModel.swift */,
				B54B421B28202EBD00FC7B2F /* ImageButtonsViewModel.swift */,
			);
			path = "View Models";
			sourceTree = "<group>";
		};
		B54B421828202AD100FC7B2F /* Components */ = {
			isa = PBXGroup;
			children = (
				B54B420D281FC96000FC7B2F /* TSLabel.swift */,
				B54B421928202AEB00FC7B2F /* ImageButtons.swift */,
			);
			path = Components;
			sourceTree = "<group>";
		};
		B5A89441281880C80097BAE6 = {
			isa = PBXGroup;
			children = (
				B5A8944C281880C80097BAE6 /* Telescope */,
				B5A8944B281880C80097BAE6 /* Products */,
			);
			sourceTree = "<group>";
		};
		B5A8944B281880C80097BAE6 /* Products */ = {
			isa = PBXGroup;
			children = (
				B5A8944A281880C80097BAE6 /* Telescope.app */,
			);
			name = Products;
			sourceTree = "<group>";
		};
		B5A8944C281880C80097BAE6 /* Telescope */ = {
			isa = PBXGroup;
			children = (
				B5A8944D281880C80097BAE6 /* AppDelegate.swift */,
				B5A8944F281880C80097BAE6 /* SceneDelegate.swift */,
				B54B420F281FE74600FC7B2F /* View Models */,
				B5DB431A281E8BD000630773 /* Extensions */,
				B5A89469281883C80097BAE6 /* Views */,
				B5A89466281881900097BAE6 /* Models */,
				B5A89463281880ED0097BAE6 /* Network */,
				B5A89456281880C90097BAE6 /* Assets.xcassets */,
				B5A89458281880C90097BAE6 /* LaunchScreen.storyboard */,
				B5A8945B281880C90097BAE6 /* Info.plist */,
			);
			path = Telescope;
			sourceTree = "<group>";
		};
		B5A89463281880ED0097BAE6 /* Network */ = {
			isa = PBXGroup;
			children = (
				B5A89461281880E40097BAE6 /* NetworkService.swift */,
				B5A894642818815E0097BAE6 /* SearchService.swift */,
				B5A894702818976E0097BAE6 /* FetchImage.swift */,
			);
			path = Network;
			sourceTree = "<group>";
		};
		B5A89466281881900097BAE6 /* Models */ = {
			isa = PBXGroup;
			children = (
				B54B421628200F8500FC7B2F /* FavouriteStorage.swift */,
				B5A894672818819C0097BAE6 /* SearchResult.swift */,
				B5DB4318281E83AE00630773 /* ImageItem.swift */,
			);
			path = Models;
			sourceTree = "<group>";
		};
		B5A89469281883C80097BAE6 /* Views */ = {
			isa = PBXGroup;
			children = (
				B54B421828202AD100FC7B2F /* Components */,
				B5A8946A281883E80097BAE6 /* SearchViewController.swift */,
				B54B4209281EAFC200FC7B2F /* ImageViewerViewController.swift */,
				B5A8946E2818965E0097BAE6 /* ImageCollectionViewCell.swift */,
				B54B421228200AE000FC7B2F /* FavouritesViewController.swift */,
			);
			path = Views;
			sourceTree = "<group>";
		};
		B5DB431A281E8BD000630773 /* Extensions */ = {
			isa = PBXGroup;
			children = (
				B5DB431B281E8BEA00630773 /* NSCollectionLayoutDimension+Extensions.swift */,
			);
			path = Extensions;
			sourceTree = "<group>";
		};
/* End PBXGroup section */

/* Begin PBXNativeTarget section */
		B5A89449281880C80097BAE6 /* Telescope */ = {
			isa = PBXNativeTarget;
			buildConfigurationList = B5A8945E281880C90097BAE6 /* Build configuration list for PBXNativeTarget "Telescope" */;
			buildPhases = (
				B5DB4317281E77F500630773 /* ShellScript */,
				B5A89446281880C80097BAE6 /* Sources */,
				B5A89447281880C80097BAE6 /* Frameworks */,
				B5A89448281880C80097BAE6 /* Resources */,
			);
			buildRules = (
			);
			dependencies = (
			);
			name = Telescope;
			packageProductDependencies = (
				B5DB431E281EA95000630773 /* KRProgressHUD */,
			);
			productName = Telescope;
			productReference = B5A8944A281880C80097BAE6 /* Telescope.app */;
			productType = "com.apple.product-type.application";
		};
/* End PBXNativeTarget section */

/* Begin PBXProject section */
		B5A89442281880C80097BAE6 /* Project object */ = {
			isa = PBXProject;
			attributes = {
				BuildIndependentTargetsInParallel = 1;
				LastSwiftUpdateCheck = 1330;
				LastUpgradeCheck = 1330;
				TargetAttributes = {
					B5A89449281880C80097BAE6 = {
						CreatedOnToolsVersion = 13.3.1;
					};
				};
			};
			buildConfigurationList = B5A89445281880C80097BAE6 /* Build configuration list for PBXProject "Telescope" */;
			compatibilityVersion = "Xcode 13.0";
			developmentRegion = en;
			hasScannedForEncodings = 0;
			knownRegions = (
				en,
				Base,
			);
			mainGroup = B5A89441281880C80097BAE6;
			packageReferences = (
				B5DB431D281EA95000630773 /* XCRemoteSwiftPackageReference "KRProgressHUD" */,
			);
			productRefGroup = B5A8944B281880C80097BAE6 /* Products */;
			projectDirPath = "";
			projectRoot = "";
			targets = (
				B5A89449281880C80097BAE6 /* Telescope */,
			);
		};
/* End PBXProject section */

/* Begin PBXResourcesBuildPhase section */
		B5A89448281880C80097BAE6 /* Resources */ = {
			isa = PBXResourcesBuildPhase;
			buildActionMask = 2147483647;
			files = (
				B5A8945A281880C90097BAE6 /* LaunchScreen.storyboard in Resources */,
				B5A89457281880C90097BAE6 /* Assets.xcassets in Resources */,
			);
			runOnlyForDeploymentPostprocessing = 0;
		};
/* End PBXResourcesBuildPhase section */

/* Begin PBXShellScriptBuildPhase section */
		B5DB4317281E77F500630773 /* ShellScript */ = {
			isa = PBXShellScriptBuildPhase;
			buildActionMask = 2147483647;
			files = (
			);
			inputFileListPaths = (
			);
			inputPaths = (
			);
			outputFileListPaths = (
			);
			outputPaths = (
			);
			runOnlyForDeploymentPostprocessing = 0;
			shellPath = /bin/sh;
			shellScript = "export PATH=\"$PATH:/opt/homebrew/bin\"\nif which swiftlint > /dev/null; then\n  swiftlint\nelse\n  echo \"warning: SwiftLint not installed, download from https://github.com/realm/SwiftLint\"\nfi\n";
		};
/* End PBXShellScriptBuildPhase section */

/* Begin PBXSourcesBuildPhase section */
		B5A89446281880C80097BAE6 /* Sources */ = {
			isa = PBXSourcesBuildPhase;
			buildActionMask = 2147483647;
			files = (
				B54B421528200BAB00FC7B2F /* FavouritesViewModel.swift in Sources */,
				B54B421A28202AEB00FC7B2F /* ImageButtons.swift in Sources */,
				B5A8946B281883E80097BAE6 /* SearchViewController.swift in Sources */,
				B5A8946D281883F40097BAE6 /* SearchViewModel.swift in Sources */,
				B5A894652818815E0097BAE6 /* SearchService.swift in Sources */,
				B54B421328200AE000FC7B2F /* FavouritesViewController.swift in Sources */,
				B5A894712818976E0097BAE6 /* FetchImage.swift in Sources */,
				B54B420E281FC96000FC7B2F /* TSLabel.swift in Sources */,
				B5A8944E281880C80097BAE6 /* AppDelegate.swift in Sources */,
				B5A89462281880E40097BAE6 /* NetworkService.swift in Sources */,
				B54B420A281EAFC200FC7B2F /* ImageViewerViewController.swift in Sources */,
				B5DB431C281E8BEB00630773 /* NSCollectionLayoutDimension+Extensions.swift in Sources */,
				B5A8946F2818965E0097BAE6 /* ImageCollectionViewCell.swift in Sources */,
				B54B421728200F8500FC7B2F /* FavouriteStorage.swift in Sources */,
				B5A89450281880C80097BAE6 /* SceneDelegate.swift in Sources */,
				B54B421C28202EBD00FC7B2F /* ImageButtonsViewModel.swift in Sources */,
				B54B4211281FEA0900FC7B2F /* ImageCollectionViewCellViewModel.swift in Sources */,
				B5DB4319281E83AE00630773 /* ImageItem.swift in Sources */,
				B5A894682818819C0097BAE6 /* SearchResult.swift in Sources */,
			);
			runOnlyForDeploymentPostprocessing = 0;
		};
/* End PBXSourcesBuildPhase section */

/* Begin PBXVariantGroup section */
		B5A89458281880C90097BAE6 /* LaunchScreen.storyboard */ = {
			isa = PBXVariantGroup;
			children = (
				B5A89459281880C90097BAE6 /* Base */,
			);
			name = LaunchScreen.storyboard;
			sourceTree = "<group>";
		};
/* End PBXVariantGroup section */

/* Begin XCBuildConfiguration section */
		B5A8945C281880C90097BAE6 /* Debug */ = {
			isa = XCBuildConfiguration;
			buildSettings = {
				ALWAYS_SEARCH_USER_PATHS = NO;
				CLANG_ANALYZER_NONNULL = YES;
				CLANG_ANALYZER_NUMBER_OBJECT_CONVERSION = YES_AGGRESSIVE;
				CLANG_CXX_LANGUAGE_STANDARD = "gnu++17";
				CLANG_ENABLE_MODULES = YES;
				CLANG_ENABLE_OBJC_ARC = YES;
				CLANG_ENABLE_OBJC_WEAK = YES;
				CLANG_WARN_BLOCK_CAPTURE_AUTORELEASING = YES;
				CLANG_WARN_BOOL_CONVERSION = YES;
				CLANG_WARN_COMMA = YES;
				CLANG_WARN_CONSTANT_CONVERSION = YES;
				CLANG_WARN_DEPRECATED_OBJC_IMPLEMENTATIONS = YES;
				CLANG_WARN_DIRECT_OBJC_ISA_USAGE = YES_ERROR;
				CLANG_WARN_DOCUMENTATION_COMMENTS = YES;
				CLANG_WARN_EMPTY_BODY = YES;
				CLANG_WARN_ENUM_CONVERSION = YES;
				CLANG_WARN_INFINITE_RECURSION = YES;
				CLANG_WARN_INT_CONVERSION = YES;
				CLANG_WARN_NON_LITERAL_NULL_CONVERSION = YES;
				CLANG_WARN_OBJC_IMPLICIT_RETAIN_SELF = YES;
				CLANG_WARN_OBJC_LITERAL_CONVERSION = YES;
				CLANG_WARN_OBJC_ROOT_CLASS = YES_ERROR;
				CLANG_WARN_QUOTED_INCLUDE_IN_FRAMEWORK_HEADER = YES;
				CLANG_WARN_RANGE_LOOP_ANALYSIS = YES;
				CLANG_WARN_STRICT_PROTOTYPES = YES;
				CLANG_WARN_SUSPICIOUS_MOVE = YES;
				CLANG_WARN_UNGUARDED_AVAILABILITY = YES_AGGRESSIVE;
				CLANG_WARN_UNREACHABLE_CODE = YES;
				CLANG_WARN__DUPLICATE_METHOD_MATCH = YES;
				COPY_PHASE_STRIP = NO;
				DEBUG_INFORMATION_FORMAT = dwarf;
				ENABLE_STRICT_OBJC_MSGSEND = YES;
				ENABLE_TESTABILITY = YES;
				GCC_C_LANGUAGE_STANDARD = gnu11;
				GCC_DYNAMIC_NO_PIC = NO;
				GCC_NO_COMMON_BLOCKS = YES;
				GCC_OPTIMIZATION_LEVEL = 0;
				GCC_PREPROCESSOR_DEFINITIONS = (
					"DEBUG=1",
					"$(inherited)",
				);
				GCC_WARN_64_TO_32_BIT_CONVERSION = YES;
				GCC_WARN_ABOUT_RETURN_TYPE = YES_ERROR;
				GCC_WARN_UNDECLARED_SELECTOR = YES;
				GCC_WARN_UNINITIALIZED_AUTOS = YES_AGGRESSIVE;
				GCC_WARN_UNUSED_FUNCTION = YES;
				GCC_WARN_UNUSED_VARIABLE = YES;
				IPHONEOS_DEPLOYMENT_TARGET = 15.4;
				MTL_ENABLE_DEBUG_INFO = INCLUDE_SOURCE;
				MTL_FAST_MATH = YES;
				ONLY_ACTIVE_ARCH = YES;
				SDKROOT = iphoneos;
				SWIFT_ACTIVE_COMPILATION_CONDITIONS = DEBUG;
				SWIFT_OPTIMIZATION_LEVEL = "-Onone";
			};
			name = Debug;
		};
		B5A8945D281880C90097BAE6 /* Release */ = {
			isa = XCBuildConfiguration;
			buildSettings = {
				ALWAYS_SEARCH_USER_PATHS = NO;
				CLANG_ANALYZER_NONNULL = YES;
				CLANG_ANALYZER_NUMBER_OBJECT_CONVERSION = YES_AGGRESSIVE;
				CLANG_CXX_LANGUAGE_STANDARD = "gnu++17";
				CLANG_ENABLE_MODULES = YES;
				CLANG_ENABLE_OBJC_ARC = YES;
				CLANG_ENABLE_OBJC_WEAK = YES;
				CLANG_WARN_BLOCK_CAPTURE_AUTORELEASING = YES;
				CLANG_WARN_BOOL_CONVERSION = YES;
				CLANG_WARN_COMMA = YES;
				CLANG_WARN_CONSTANT_CONVERSION = YES;
				CLANG_WARN_DEPRECATED_OBJC_IMPLEMENTATIONS = YES;
				CLANG_WARN_DIRECT_OBJC_ISA_USAGE = YES_ERROR;
				CLANG_WARN_DOCUMENTATION_COMMENTS = YES;
				CLANG_WARN_EMPTY_BODY = YES;
				CLANG_WARN_ENUM_CONVERSION = YES;
				CLANG_WARN_INFINITE_RECURSION = YES;
				CLANG_WARN_INT_CONVERSION = YES;
				CLANG_WARN_NON_LITERAL_NULL_CONVERSION = YES;
				CLANG_WARN_OBJC_IMPLICIT_RETAIN_SELF = YES;
				CLANG_WARN_OBJC_LITERAL_CONVERSION = YES;
				CLANG_WARN_OBJC_ROOT_CLASS = YES_ERROR;
				CLANG_WARN_QUOTED_INCLUDE_IN_FRAMEWORK_HEADER = YES;
				CLANG_WARN_RANGE_LOOP_ANALYSIS = YES;
				CLANG_WARN_STRICT_PROTOTYPES = YES;
				CLANG_WARN_SUSPICIOUS_MOVE = YES;
				CLANG_WARN_UNGUARDED_AVAILABILITY = YES_AGGRESSIVE;
				CLANG_WARN_UNREACHABLE_CODE = YES;
				CLANG_WARN__DUPLICATE_METHOD_MATCH = YES;
				COPY_PHASE_STRIP = NO;
				DEBUG_INFORMATION_FORMAT = "dwarf-with-dsym";
				ENABLE_NS_ASSERTIONS = NO;
				ENABLE_STRICT_OBJC_MSGSEND = YES;
				GCC_C_LANGUAGE_STANDARD = gnu11;
				GCC_NO_COMMON_BLOCKS = YES;
				GCC_WARN_64_TO_32_BIT_CONVERSION = YES;
				GCC_WARN_ABOUT_RETURN_TYPE = YES_ERROR;
				GCC_WARN_UNDECLARED_SELECTOR = YES;
				GCC_WARN_UNINITIALIZED_AUTOS = YES_AGGRESSIVE;
				GCC_WARN_UNUSED_FUNCTION = YES;
				GCC_WARN_UNUSED_VARIABLE = YES;
				IPHONEOS_DEPLOYMENT_TARGET = 15.4;
				MTL_ENABLE_DEBUG_INFO = NO;
				MTL_FAST_MATH = YES;
				SDKROOT = iphoneos;
				SWIFT_COMPILATION_MODE = wholemodule;
				SWIFT_OPTIMIZATION_LEVEL = "-O";
				VALIDATE_PRODUCT = YES;
			};
			name = Release;
		};
		B5A8945F281880C90097BAE6 /* Debug */ = {
			isa = XCBuildConfiguration;
			buildSettings = {
				ASSETCATALOG_COMPILER_APPICON_NAME = AppIcon;
				ASSETCATALOG_COMPILER_GLOBAL_ACCENT_COLOR_NAME = AccentColor;
				CODE_SIGN_STYLE = Automatic;
				CURRENT_PROJECT_VERSION = 1;
				DEVELOPMENT_TEAM = K55J7MA3F2;
				GENERATE_INFOPLIST_FILE = YES;
				INFOPLIST_FILE = Telescope/Info.plist;
				INFOPLIST_KEY_UIApplicationSupportsIndirectInputEvents = YES;
				INFOPLIST_KEY_UILaunchStoryboardName = LaunchScreen;
				INFOPLIST_KEY_UIMainStoryboardFile = "";
				INFOPLIST_KEY_UISupportedInterfaceOrientations_iPad = "UIInterfaceOrientationPortrait UIInterfaceOrientationPortraitUpsideDown UIInterfaceOrientationLandscapeLeft UIInterfaceOrientationLandscapeRight";
				INFOPLIST_KEY_UISupportedInterfaceOrientations_iPhone = "UIInterfaceOrientationPortrait UIInterfaceOrientationLandscapeLeft UIInterfaceOrientationLandscapeRight";
				LD_RUNPATH_SEARCH_PATHS = (
					"$(inherited)",
					"@executable_path/Frameworks",
				);
				MARKETING_VERSION = 1.0;
				PRODUCT_BUNDLE_IDENTIFIER = com.mobilea11y.Telescope;
				PRODUCT_NAME = "$(TARGET_NAME)";
				SWIFT_EMIT_LOC_STRINGS = YES;
				SWIFT_VERSION = 5.0;
				TARGETED_DEVICE_FAMILY = "1,2";
			};
			name = Debug;
		};
		B5A89460281880C90097BAE6 /* Release */ = {
			isa = XCBuildConfiguration;
			buildSettings = {
				ASSETCATALOG_COMPILER_APPICON_NAME = AppIcon;
				ASSETCATALOG_COMPILER_GLOBAL_ACCENT_COLOR_NAME = AccentColor;
				CODE_SIGN_STYLE = Automatic;
				CURRENT_PROJECT_VERSION = 1;
				DEVELOPMENT_TEAM = K55J7MA3F2;
				GENERATE_INFOPLIST_FILE = YES;
				INFOPLIST_FILE = Telescope/Info.plist;
				INFOPLIST_KEY_UIApplicationSupportsIndirectInputEvents = YES;
				INFOPLIST_KEY_UILaunchStoryboardName = LaunchScreen;
				INFOPLIST_KEY_UIMainStoryboardFile = "";
				INFOPLIST_KEY_UISupportedInterfaceOrientations_iPad = "UIInterfaceOrientationPortrait UIInterfaceOrientationPortraitUpsideDown UIInterfaceOrientationLandscapeLeft UIInterfaceOrientationLandscapeRight";
				INFOPLIST_KEY_UISupportedInterfaceOrientations_iPhone = "UIInterfaceOrientationPortrait UIInterfaceOrientationLandscapeLeft UIInterfaceOrientationLandscapeRight";
				LD_RUNPATH_SEARCH_PATHS = (
					"$(inherited)",
					"@executable_path/Frameworks",
				);
				MARKETING_VERSION = 1.0;
				PRODUCT_BUNDLE_IDENTIFIER = com.mobilea11y.Telescope;
				PRODUCT_NAME = "$(TARGET_NAME)";
				SWIFT_EMIT_LOC_STRINGS = YES;
				SWIFT_VERSION = 5.0;
				TARGETED_DEVICE_FAMILY = "1,2";
			};
			name = Release;
		};
/* End XCBuildConfiguration section */

/* Begin XCConfigurationList section */
		B5A89445281880C80097BAE6 /* Build configuration list for PBXProject "Telescope" */ = {
			isa = XCConfigurationList;
			buildConfigurations = (
				B5A8945C281880C90097BAE6 /* Debug */,
				B5A8945D281880C90097BAE6 /* Release */,
			);
			defaultConfigurationIsVisible = 0;
			defaultConfigurationName = Release;
		};
		B5A8945E281880C90097BAE6 /* Build configuration list for PBXNativeTarget "Telescope" */ = {
			isa = XCConfigurationList;
			buildConfigurations = (
				B5A8945F281880C90097BAE6 /* Debug */,
				B5A89460281880C90097BAE6 /* Release */,
			);
			defaultConfigurationIsVisible = 0;
			defaultConfigurationName = Release;
		};
/* End XCConfigurationList section */

/* Begin XCRemoteSwiftPackageReference section */
		B5DB431D281EA95000630773 /* XCRemoteSwiftPackageReference "KRProgressHUD" */ = {
			isa = XCRemoteSwiftPackageReference;
			repositoryURL = "https://github.com/krimpedance/KRProgressHUD.git";
			requirement = {
				kind = upToNextMajorVersion;
				minimumVersion = 3.0.0;
			};
		};
/* End XCRemoteSwiftPackageReference section */

/* Begin XCSwiftPackageProductDependency section */
		B5DB431E281EA95000630773 /* KRProgressHUD */ = {
			isa = XCSwiftPackageProductDependency;
			package = B5DB431D281EA95000630773 /* XCRemoteSwiftPackageReference "KRProgressHUD" */;
			productName = KRProgressHUD;
		};
/* End XCSwiftPackageProductDependency section */
	};
	rootObject = B5A89442281880C80097BAE6 /* Project object */;
}
